// !$*UTF8*$!
{
	archiveVersion = 1;
	classes = {
	};
	objectVersion = 46;
	objects = {

/* Begin PBXBuildFile section */
		A43D7EF8150C96AC004AA60C /* lemon.osx in Copy tools/ Files */ = {isa = PBXBuildFile; fileRef = A43D7EF4150C9673004AA60C /* lemon.osx */; };
		A43D7EF9150C96AC004AA60C /* lempar.c in Copy tools/ Files */ = {isa = PBXBuildFile; fileRef = A43D7EF5150C9673004AA60C /* lempar.c */; };
		A43D7EFA150C96AC004AA60C /* re2c.osx in Copy tools/ Files */ = {isa = PBXBuildFile; fileRef = A43D7EF6150C9673004AA60C /* re2c.osx */; };
		A45C10711507F0C2003EFCD5 /* ast.cpp in Copy base/ Files */ = {isa = PBXBuildFile; fileRef = A45C10651507F0B0003EFCD5 /* ast.cpp */; };
		A45C10721507F0C2003EFCD5 /* ast.hpp in Copy base/ Files */ = {isa = PBXBuildFile; fileRef = A45C10661507F0B0003EFCD5 /* ast.hpp */; };
		A45C10731507F0C2003EFCD5 /* error.hpp in Copy base/ Files */ = {isa = PBXBuildFile; fileRef = A45C10671507F0B0003EFCD5 /* error.hpp */; };
		A45C10741507F0C2003EFCD5 /* factory.cpp in Copy base/ Files */ = {isa = PBXBuildFile; fileRef = A45C10681507F0B0003EFCD5 /* factory.cpp */; };
		A45C10751507F0C2003EFCD5 /* factory.hpp in Copy base/ Files */ = {isa = PBXBuildFile; fileRef = A45C10691507F0B0003EFCD5 /* factory.hpp */; };
		A45C10761507F0C2003EFCD5 /* pch.hpp in Copy base/ Files */ = {isa = PBXBuildFile; fileRef = A45C106A1507F0B0003EFCD5 /* pch.hpp */; };
		A45C10771507F0C2003EFCD5 /* typename.cpp in Copy base/ Files */ = {isa = PBXBuildFile; fileRef = A45C106B1507F0B0003EFCD5 /* typename.cpp */; };
		A45C10781507F0C2003EFCD5 /* typename.hpp in Copy base/ Files */ = {isa = PBXBuildFile; fileRef = A45C106C1507F0B0003EFCD5 /* typename.hpp */; };
		A45C10791507F0C2003EFCD5 /* unit.cpp in Copy base/ Files */ = {isa = PBXBuildFile; fileRef = A45C106D1507F0B0003EFCD5 /* unit.cpp */; };
		A45C107A1507F0C2003EFCD5 /* unit.hpp in Copy base/ Files */ = {isa = PBXBuildFile; fileRef = A45C106E1507F0B0003EFCD5 /* unit.hpp */; };
		A45C107B1507F0C2003EFCD5 /* zenlang.cpp in Copy base/ Files */ = {isa = PBXBuildFile; fileRef = A45C106F1507F0B0003EFCD5 /* zenlang.cpp */; };
		A45C107C1507F0C2003EFCD5 /* zenlang.hpp in Copy base/ Files */ = {isa = PBXBuildFile; fileRef = A45C10701507F0B0003EFCD5 /* zenlang.hpp */; };
		A45C1089150801DC003EFCD5 /* DirImpl.cpp in Copy core/ Files */ = {isa = PBXBuildFile; fileRef = A45C107F15080175003EFCD5 /* DirImpl.cpp */; };
		A45C108A150801DC003EFCD5 /* FileImpl.cpp in Copy core/ Files */ = {isa = PBXBuildFile; fileRef = A45C108015080175003EFCD5 /* FileImpl.cpp */; };
		A45C108B150801DC003EFCD5 /* StringImpl.cpp in Copy core/ Files */ = {isa = PBXBuildFile; fileRef = A45C108115080175003EFCD5 /* StringImpl.cpp */; };
		A45C108C150801DC003EFCD5 /* UrlImpl.cpp in Copy core/ Files */ = {isa = PBXBuildFile; fileRef = A45C108215080175003EFCD5 /* UrlImpl.cpp */; };
		A45C108D150801DC003EFCD5 /* DateTimeImpl.cpp in Copy core/ Files */ = {isa = PBXBuildFile; fileRef = A45C107E15080175003EFCD5 /* DateTimeImpl.cpp */; };
		A45C10D315095036003EFCD5 /* ast.cpp in Sources */ = {isa = PBXBuildFile; fileRef = A45C10651507F0B0003EFCD5 /* ast.cpp */; };
		A45C10D415095036003EFCD5 /* factory.cpp in Sources */ = {isa = PBXBuildFile; fileRef = A45C10681507F0B0003EFCD5 /* factory.cpp */; };
		A45C10D515095036003EFCD5 /* typename.cpp in Sources */ = {isa = PBXBuildFile; fileRef = A45C106B1507F0B0003EFCD5 /* typename.cpp */; };
		A45C10D615095036003EFCD5 /* unit.cpp in Sources */ = {isa = PBXBuildFile; fileRef = A45C106D1507F0B0003EFCD5 /* unit.cpp */; };
		A45C10D715095036003EFCD5 /* zenlang.cpp in Sources */ = {isa = PBXBuildFile; fileRef = A45C106F1507F0B0003EFCD5 /* zenlang.cpp */; };
		A45C10DA15095327003EFCD5 /* compiler.cpp in Sources */ = {isa = PBXBuildFile; fileRef = A45C10D815095327003EFCD5 /* compiler.cpp */; };
		A45C10DB15095345003EFCD5 /* compiler.cpp in Copy base/ Files */ = {isa = PBXBuildFile; fileRef = A45C10D815095327003EFCD5 /* compiler.cpp */; };
		A45C10DC15095345003EFCD5 /* compiler.hpp in Copy base/ Files */ = {isa = PBXBuildFile; fileRef = A45C10D915095327003EFCD5 /* compiler.hpp */; };
		A47208A315095EDC00B85316 /* CmakeGenerator.cpp in Sources */ = {isa = PBXBuildFile; fileRef = A472089415095EDC00B85316 /* CmakeGenerator.cpp */; };
		A47208A415095EDC00B85316 /* generator.cpp in Sources */ = {isa = PBXBuildFile; fileRef = A472089615095EDC00B85316 /* generator.cpp */; };
		A47208A515095EDC00B85316 /* Interpreter.cpp in Sources */ = {isa = PBXBuildFile; fileRef = A472089815095EDC00B85316 /* Interpreter.cpp */; };
		A47208A615095EDC00B85316 /* lexer.cpp in Sources */ = {isa = PBXBuildFile; fileRef = A472089A15095EDC00B85316 /* lexer.cpp */; };
		A47208A715095EDC00B85316 /* parser.cpp in Sources */ = {isa = PBXBuildFile; fileRef = A472089C15095EDC00B85316 /* parser.cpp */; };
		A47208A815095EDC00B85316 /* StlcppGenerator.cpp in Sources */ = {isa = PBXBuildFile; fileRef = A472089E15095EDC00B85316 /* StlcppGenerator.cpp */; };
		A47208A915095EDC00B85316 /* ZenlangGenerator.cpp in Sources */ = {isa = PBXBuildFile; fileRef = A47208A115095EDC00B85316 /* ZenlangGenerator.cpp */; };
		A47208AA15095FBB00B85316 /* CmakeGenerator.cpp in Copy base/ Files */ = {isa = PBXBuildFile; fileRef = A472089415095EDC00B85316 /* CmakeGenerator.cpp */; };
		A47208AB15095FBB00B85316 /* CmakeGenerator.hpp in Copy base/ Files */ = {isa = PBXBuildFile; fileRef = A472089515095EDC00B85316 /* CmakeGenerator.hpp */; };
		A47208AC15095FBB00B85316 /* generator.cpp in Copy base/ Files */ = {isa = PBXBuildFile; fileRef = A472089615095EDC00B85316 /* generator.cpp */; };
		A47208AD15095FBB00B85316 /* generator.hpp in Copy base/ Files */ = {isa = PBXBuildFile; fileRef = A472089715095EDC00B85316 /* generator.hpp */; };
		A47208AE15095FBB00B85316 /* Interpreter.cpp in Copy base/ Files */ = {isa = PBXBuildFile; fileRef = A472089815095EDC00B85316 /* Interpreter.cpp */; };
		A47208AF15095FBB00B85316 /* Interpreter.hpp in Copy base/ Files */ = {isa = PBXBuildFile; fileRef = A472089915095EDC00B85316 /* Interpreter.hpp */; };
		A47208B015095FBB00B85316 /* lexer.cpp in Copy base/ Files */ = {isa = PBXBuildFile; fileRef = A472089A15095EDC00B85316 /* lexer.cpp */; };
		A47208B115095FBB00B85316 /* lexer.hpp in Copy base/ Files */ = {isa = PBXBuildFile; fileRef = A472089B15095EDC00B85316 /* lexer.hpp */; };
		A47208B215095FBB00B85316 /* parser.cpp in Copy base/ Files */ = {isa = PBXBuildFile; fileRef = A472089C15095EDC00B85316 /* parser.cpp */; };
		A47208B315095FBB00B85316 /* parser.hpp in Copy base/ Files */ = {isa = PBXBuildFile; fileRef = A472089D15095EDC00B85316 /* parser.hpp */; };
		A47208B415095FBB00B85316 /* StlcppGenerator.cpp in Copy base/ Files */ = {isa = PBXBuildFile; fileRef = A472089E15095EDC00B85316 /* StlcppGenerator.cpp */; };
		A47208B515095FBB00B85316 /* StlcppGenerator.hpp in Copy base/ Files */ = {isa = PBXBuildFile; fileRef = A472089F15095EDC00B85316 /* StlcppGenerator.hpp */; };
		A47208B615095FBB00B85316 /* token.hpp in Copy base/ Files */ = {isa = PBXBuildFile; fileRef = A47208A015095EDC00B85316 /* token.hpp */; };
		A47208B715095FBB00B85316 /* ZenlangGenerator.cpp in Copy base/ Files */ = {isa = PBXBuildFile; fileRef = A47208A115095EDC00B85316 /* ZenlangGenerator.cpp */; };
		A47208B815095FBB00B85316 /* ZenlangGenerator.hpp in Copy base/ Files */ = {isa = PBXBuildFile; fileRef = A47208A215095EDC00B85316 /* ZenlangGenerator.hpp */; };
		A47208BC1509605E00B85316 /* lexerGen.hpp in Copy base/ Files */ = {isa = PBXBuildFile; fileRef = A47208B91509605100B85316 /* lexerGen.hpp */; };
		A47208BD1509605E00B85316 /* parserGen.h in Copy base/ Files */ = {isa = PBXBuildFile; fileRef = A47208BA1509605100B85316 /* parserGen.h */; };
		A47208BE1509605E00B85316 /* parserGen.hpp in Copy base/ Files */ = {isa = PBXBuildFile; fileRef = A47208BB1509605100B85316 /* parserGen.hpp */; };
		A47208DF1509625A00B85316 /* base64.cpp in Sources */ = {isa = PBXBuildFile; fileRef = A47208D41509625A00B85316 /* base64.cpp */; };
		A47208E01509625A00B85316 /* scanner.cpp in Sources */ = {isa = PBXBuildFile; fileRef = A47208D61509625A00B85316 /* scanner.cpp */; };
		A47208E21509625A00B85316 /* sqlite3.c in Sources */ = {isa = PBXBuildFile; fileRef = A47208DA1509625A00B85316 /* sqlite3.c */; };
		A47208E31509625A00B85316 /* sqlite3_unicode.c in Sources */ = {isa = PBXBuildFile; fileRef = A47208DC1509625A00B85316 /* sqlite3_unicode.c */; };
		A47208E5150962AB00B85316 /* args.hpp in Copy utils/ Files */ = {isa = PBXBuildFile; fileRef = A47208D31509625A00B85316 /* args.hpp */; };
		A47208E6150962AB00B85316 /* base64.cpp in Copy utils/ Files */ = {isa = PBXBuildFile; fileRef = A47208D41509625A00B85316 /* base64.cpp */; };
		A47208E7150962AB00B85316 /* base64.hpp in Copy utils/ Files */ = {isa = PBXBuildFile; fileRef = A47208D51509625A00B85316 /* base64.hpp */; };
		A47208E8150962AB00B85316 /* scanner.cpp in Copy utils/ Files */ = {isa = PBXBuildFile; fileRef = A47208D61509625A00B85316 /* scanner.cpp */; };
		A47208E9150962AB00B85316 /* scanner.hpp in Copy utils/ Files */ = {isa = PBXBuildFile; fileRef = A47208D71509625A00B85316 /* scanner.hpp */; };
		A47208EC150962F300B85316 /* sqlite3.c in Copy utils/sqlite3 Files */ = {isa = PBXBuildFile; fileRef = A47208DA1509625A00B85316 /* sqlite3.c */; };
		A47208ED150962F300B85316 /* sqlite3.h in Copy utils/sqlite3 Files */ = {isa = PBXBuildFile; fileRef = A47208DB1509625A00B85316 /* sqlite3.h */; };
		A47208EE150962F300B85316 /* sqlite3_unicode.c in Copy utils/sqlite3 Files */ = {isa = PBXBuildFile; fileRef = A47208DC1509625A00B85316 /* sqlite3_unicode.c */; };
		A47208EF150962F300B85316 /* sqlite3_unicode.h in Copy utils/sqlite3 Files */ = {isa = PBXBuildFile; fileRef = A47208DD1509625A00B85316 /* sqlite3_unicode.h */; };
		A47208F0150962F300B85316 /* sqlite3ext.h in Copy utils/sqlite3 Files */ = {isa = PBXBuildFile; fileRef = A47208DE1509625A00B85316 /* sqlite3ext.h */; };
		A4822A4C1505668E001C0B6C /* main.cpp in Sources */ = {isa = PBXBuildFile; fileRef = A4822A3C1505668E001C0B6C /* main.cpp */; };
		A4C81EAD1504700E0038D24E /* zenlang.1 in CopyFiles */ = {isa = PBXBuildFile; fileRef = A4C81EAC1504700E0038D24E /* zenlang.1 */; };
/* End PBXBuildFile section */

/* Begin PBXCopyFilesBuildPhase section */
		A43D7EF1150C9614004AA60C /* Copy tools/ Files */ = {
			isa = PBXCopyFilesBuildPhase;
			buildActionMask = 2147483647;
			dstPath = "";
			dstSubfolderSpec = 16;
			files = (
				A43D7EF8150C96AC004AA60C /* lemon.osx in Copy tools/ Files */,
				A43D7EF9150C96AC004AA60C /* lempar.c in Copy tools/ Files */,
				A43D7EFA150C96AC004AA60C /* re2c.osx in Copy tools/ Files */,
			);
			name = "Copy tools/ Files";
			runOnlyForDeploymentPostprocessing = 0;
		};
		A45C10631507F013003EFCD5 /* Copy base/ Files */ = {
			isa = PBXCopyFilesBuildPhase;
			buildActionMask = 2147483647;
			dstPath = lib/base;
			dstSubfolderSpec = 16;
			files = (
				A47208BC1509605E00B85316 /* lexerGen.hpp in Copy base/ Files */,
				A47208BD1509605E00B85316 /* parserGen.h in Copy base/ Files */,
				A47208BE1509605E00B85316 /* parserGen.hpp in Copy base/ Files */,
				A47208AA15095FBB00B85316 /* CmakeGenerator.cpp in Copy base/ Files */,
				A47208AB15095FBB00B85316 /* CmakeGenerator.hpp in Copy base/ Files */,
				A47208AC15095FBB00B85316 /* generator.cpp in Copy base/ Files */,
				A47208AD15095FBB00B85316 /* generator.hpp in Copy base/ Files */,
				A47208AE15095FBB00B85316 /* Interpreter.cpp in Copy base/ Files */,
				A47208AF15095FBB00B85316 /* Interpreter.hpp in Copy base/ Files */,
				A47208B015095FBB00B85316 /* lexer.cpp in Copy base/ Files */,
				A47208B115095FBB00B85316 /* lexer.hpp in Copy base/ Files */,
				A47208B215095FBB00B85316 /* parser.cpp in Copy base/ Files */,
				A47208B315095FBB00B85316 /* parser.hpp in Copy base/ Files */,
				A47208B415095FBB00B85316 /* StlcppGenerator.cpp in Copy base/ Files */,
				A47208B515095FBB00B85316 /* StlcppGenerator.hpp in Copy base/ Files */,
				A47208B615095FBB00B85316 /* token.hpp in Copy base/ Files */,
				A47208B715095FBB00B85316 /* ZenlangGenerator.cpp in Copy base/ Files */,
				A47208B815095FBB00B85316 /* ZenlangGenerator.hpp in Copy base/ Files */,
				A45C10DB15095345003EFCD5 /* compiler.cpp in Copy base/ Files */,
				A45C10DC15095345003EFCD5 /* compiler.hpp in Copy base/ Files */,
				A45C10711507F0C2003EFCD5 /* ast.cpp in Copy base/ Files */,
				A45C10721507F0C2003EFCD5 /* ast.hpp in Copy base/ Files */,
				A45C10731507F0C2003EFCD5 /* error.hpp in Copy base/ Files */,
				A45C10741507F0C2003EFCD5 /* factory.cpp in Copy base/ Files */,
				A45C10751507F0C2003EFCD5 /* factory.hpp in Copy base/ Files */,
				A45C10761507F0C2003EFCD5 /* pch.hpp in Copy base/ Files */,
				A45C10771507F0C2003EFCD5 /* typename.cpp in Copy base/ Files */,
				A45C10781507F0C2003EFCD5 /* typename.hpp in Copy base/ Files */,
				A45C10791507F0C2003EFCD5 /* unit.cpp in Copy base/ Files */,
				A45C107A1507F0C2003EFCD5 /* unit.hpp in Copy base/ Files */,
				A45C107B1507F0C2003EFCD5 /* zenlang.cpp in Copy base/ Files */,
				A45C107C1507F0C2003EFCD5 /* zenlang.hpp in Copy base/ Files */,
			);
			name = "Copy base/ Files";
			runOnlyForDeploymentPostprocessing = 0;
		};
		A45C107D1508006B003EFCD5 /* Copy core/ Files */ = {
			isa = PBXCopyFilesBuildPhase;
			buildActionMask = 2147483647;
			dstPath = lib/core;
			dstSubfolderSpec = 16;
			files = (
				A45C1089150801DC003EFCD5 /* DirImpl.cpp in Copy core/ Files */,
				A45C108A150801DC003EFCD5 /* FileImpl.cpp in Copy core/ Files */,
				A45C108B150801DC003EFCD5 /* StringImpl.cpp in Copy core/ Files */,
				A45C108C150801DC003EFCD5 /* UrlImpl.cpp in Copy core/ Files */,
				A45C108D150801DC003EFCD5 /* DateTimeImpl.cpp in Copy core/ Files */,
			);
			name = "Copy core/ Files";
			runOnlyForDeploymentPostprocessing = 0;
		};
		A47208E41509628100B85316 /* Copy utils/ Files */ = {
			isa = PBXCopyFilesBuildPhase;
			buildActionMask = 2147483647;
			dstPath = lib/utils;
			dstSubfolderSpec = 16;
			files = (
				A47208E5150962AB00B85316 /* args.hpp in Copy utils/ Files */,
				A47208E6150962AB00B85316 /* base64.cpp in Copy utils/ Files */,
				A47208E7150962AB00B85316 /* base64.hpp in Copy utils/ Files */,
				A47208E8150962AB00B85316 /* scanner.cpp in Copy utils/ Files */,
				A47208E9150962AB00B85316 /* scanner.hpp in Copy utils/ Files */,
			);
			name = "Copy utils/ Files";
			runOnlyForDeploymentPostprocessing = 0;
		};
		A47208EA150962BE00B85316 /* Copy utils/sqlite3 Files */ = {
			isa = PBXCopyFilesBuildPhase;
			buildActionMask = 2147483647;
			dstPath = lib/utils/sqlite3;
			dstSubfolderSpec = 16;
			files = (
				A47208EC150962F300B85316 /* sqlite3.c in Copy utils/sqlite3 Files */,
				A47208ED150962F300B85316 /* sqlite3.h in Copy utils/sqlite3 Files */,
				A47208EE150962F300B85316 /* sqlite3_unicode.c in Copy utils/sqlite3 Files */,
				A47208EF150962F300B85316 /* sqlite3_unicode.h in Copy utils/sqlite3 Files */,
				A47208F0150962F300B85316 /* sqlite3ext.h in Copy utils/sqlite3 Files */,
			);
			name = "Copy utils/sqlite3 Files";
			runOnlyForDeploymentPostprocessing = 0;
		};
		A4C81EA41504700E0038D24E /* CopyFiles */ = {
			isa = PBXCopyFilesBuildPhase;
			buildActionMask = 2147483647;
			dstPath = /usr/share/man/man1/;
			dstSubfolderSpec = 0;
			files = (
				A4C81EAD1504700E0038D24E /* zenlang.1 in CopyFiles */,
			);
			runOnlyForDeploymentPostprocessing = 1;
		};
/* End PBXCopyFilesBuildPhase section */

/* Begin PBXFileReference section */
		A43D7EF4150C9673004AA60C /* lemon.osx */ = {isa = PBXFileReference; lastKnownFileType = "compiled.mach-o.executable"; name = lemon.osx; path = ../../../tools/lemon.osx; sourceTree = "<group>"; };
		A43D7EF5150C9673004AA60C /* lempar.c */ = {isa = PBXFileReference; fileEncoding = 4; lastKnownFileType = sourcecode.c.c; name = lempar.c; path = ../../../tools/lempar.c; sourceTree = "<group>"; };
		A43D7EF6150C9673004AA60C /* re2c.osx */ = {isa = PBXFileReference; lastKnownFileType = "compiled.mach-o.executable"; name = re2c.osx; path = ../../../tools/re2c.osx; sourceTree = "<group>"; };
		A45C10651507F0B0003EFCD5 /* ast.cpp */ = {isa = PBXFileReference; lastKnownFileType = sourcecode.cpp.cpp; path = ast.cpp; sourceTree = "<group>"; };
		A45C10661507F0B0003EFCD5 /* ast.hpp */ = {isa = PBXFileReference; lastKnownFileType = sourcecode.cpp.h; path = ast.hpp; sourceTree = "<group>"; };
		A45C10671507F0B0003EFCD5 /* error.hpp */ = {isa = PBXFileReference; lastKnownFileType = sourcecode.cpp.h; path = error.hpp; sourceTree = "<group>"; };
		A45C10681507F0B0003EFCD5 /* factory.cpp */ = {isa = PBXFileReference; lastKnownFileType = sourcecode.cpp.cpp; path = factory.cpp; sourceTree = "<group>"; };
		A45C10691507F0B0003EFCD5 /* factory.hpp */ = {isa = PBXFileReference; lastKnownFileType = sourcecode.cpp.h; path = factory.hpp; sourceTree = "<group>"; };
		A45C106A1507F0B0003EFCD5 /* pch.hpp */ = {isa = PBXFileReference; lastKnownFileType = sourcecode.cpp.h; path = pch.hpp; sourceTree = "<group>"; };
		A45C106B1507F0B0003EFCD5 /* typename.cpp */ = {isa = PBXFileReference; lastKnownFileType = sourcecode.cpp.cpp; path = typename.cpp; sourceTree = "<group>"; };
		A45C106C1507F0B0003EFCD5 /* typename.hpp */ = {isa = PBXFileReference; lastKnownFileType = sourcecode.cpp.h; path = typename.hpp; sourceTree = "<group>"; };
		A45C106D1507F0B0003EFCD5 /* unit.cpp */ = {isa = PBXFileReference; lastKnownFileType = sourcecode.cpp.cpp; path = unit.cpp; sourceTree = "<group>"; };
		A45C106E1507F0B0003EFCD5 /* unit.hpp */ = {isa = PBXFileReference; lastKnownFileType = sourcecode.cpp.h; path = unit.hpp; sourceTree = "<group>"; };
		A45C106F1507F0B0003EFCD5 /* zenlang.cpp */ = {isa = PBXFileReference; lastKnownFileType = sourcecode.cpp.cpp; path = zenlang.cpp; sourceTree = "<group>"; };
		A45C10701507F0B0003EFCD5 /* zenlang.hpp */ = {isa = PBXFileReference; lastKnownFileType = sourcecode.cpp.h; path = zenlang.hpp; sourceTree = "<group>"; };
		A45C107E15080175003EFCD5 /* DateTimeImpl.cpp */ = {isa = PBXFileReference; lastKnownFileType = sourcecode.cpp.cpp; name = DateTimeImpl.cpp; path = ../../../lib/core/DateTimeImpl.cpp; sourceTree = "<group>"; };
		A45C107F15080175003EFCD5 /* DirImpl.cpp */ = {isa = PBXFileReference; lastKnownFileType = sourcecode.cpp.cpp; name = DirImpl.cpp; path = ../../../lib/core/DirImpl.cpp; sourceTree = "<group>"; };
		A45C108015080175003EFCD5 /* FileImpl.cpp */ = {isa = PBXFileReference; lastKnownFileType = sourcecode.cpp.cpp; name = FileImpl.cpp; path = ../../../lib/core/FileImpl.cpp; sourceTree = "<group>"; };
		A45C108115080175003EFCD5 /* StringImpl.cpp */ = {isa = PBXFileReference; lastKnownFileType = sourcecode.cpp.cpp; name = StringImpl.cpp; path = ../../../lib/core/StringImpl.cpp; sourceTree = "<group>"; };
		A45C108215080175003EFCD5 /* UrlImpl.cpp */ = {isa = PBXFileReference; lastKnownFileType = sourcecode.cpp.cpp; name = UrlImpl.cpp; path = ../../../lib/core/UrlImpl.cpp; sourceTree = "<group>"; };
		A45C10D815095327003EFCD5 /* compiler.cpp */ = {isa = PBXFileReference; fileEncoding = 4; lastKnownFileType = sourcecode.cpp.cpp; path = compiler.cpp; sourceTree = "<group>"; };
		A45C10D915095327003EFCD5 /* compiler.hpp */ = {isa = PBXFileReference; fileEncoding = 4; lastKnownFileType = sourcecode.cpp.h; path = compiler.hpp; sourceTree = "<group>"; };
		A472089415095EDC00B85316 /* CmakeGenerator.cpp */ = {isa = PBXFileReference; fileEncoding = 4; lastKnownFileType = sourcecode.cpp.cpp; path = CmakeGenerator.cpp; sourceTree = "<group>"; };
		A472089515095EDC00B85316 /* CmakeGenerator.hpp */ = {isa = PBXFileReference; fileEncoding = 4; lastKnownFileType = sourcecode.cpp.h; path = CmakeGenerator.hpp; sourceTree = "<group>"; };
		A472089615095EDC00B85316 /* generator.cpp */ = {isa = PBXFileReference; fileEncoding = 4; lastKnownFileType = sourcecode.cpp.cpp; path = generator.cpp; sourceTree = "<group>"; };
		A472089715095EDC00B85316 /* generator.hpp */ = {isa = PBXFileReference; fileEncoding = 4; lastKnownFileType = sourcecode.cpp.h; path = generator.hpp; sourceTree = "<group>"; };
		A472089815095EDC00B85316 /* Interpreter.cpp */ = {isa = PBXFileReference; fileEncoding = 4; lastKnownFileType = sourcecode.cpp.cpp; path = Interpreter.cpp; sourceTree = "<group>"; };
		A472089915095EDC00B85316 /* Interpreter.hpp */ = {isa = PBXFileReference; fileEncoding = 4; lastKnownFileType = sourcecode.cpp.h; path = Interpreter.hpp; sourceTree = "<group>"; };
		A472089A15095EDC00B85316 /* lexer.cpp */ = {isa = PBXFileReference; fileEncoding = 4; lastKnownFileType = sourcecode.cpp.cpp; path = lexer.cpp; sourceTree = "<group>"; };
		A472089B15095EDC00B85316 /* lexer.hpp */ = {isa = PBXFileReference; fileEncoding = 4; lastKnownFileType = sourcecode.cpp.h; path = lexer.hpp; sourceTree = "<group>"; };
		A472089C15095EDC00B85316 /* parser.cpp */ = {isa = PBXFileReference; fileEncoding = 4; lastKnownFileType = sourcecode.cpp.cpp; path = parser.cpp; sourceTree = "<group>"; };
		A472089D15095EDC00B85316 /* parser.hpp */ = {isa = PBXFileReference; fileEncoding = 4; lastKnownFileType = sourcecode.cpp.h; path = parser.hpp; sourceTree = "<group>"; };
		A472089E15095EDC00B85316 /* StlcppGenerator.cpp */ = {isa = PBXFileReference; fileEncoding = 4; lastKnownFileType = sourcecode.cpp.cpp; path = StlcppGenerator.cpp; sourceTree = "<group>"; };
		A472089F15095EDC00B85316 /* StlcppGenerator.hpp */ = {isa = PBXFileReference; fileEncoding = 4; lastKnownFileType = sourcecode.cpp.h; path = StlcppGenerator.hpp; sourceTree = "<group>"; };
		A47208A015095EDC00B85316 /* token.hpp */ = {isa = PBXFileReference; fileEncoding = 4; lastKnownFileType = sourcecode.cpp.h; path = token.hpp; sourceTree = "<group>"; };
		A47208A115095EDC00B85316 /* ZenlangGenerator.cpp */ = {isa = PBXFileReference; fileEncoding = 4; lastKnownFileType = sourcecode.cpp.cpp; path = ZenlangGenerator.cpp; sourceTree = "<group>"; };
		A47208A215095EDC00B85316 /* ZenlangGenerator.hpp */ = {isa = PBXFileReference; fileEncoding = 4; lastKnownFileType = sourcecode.cpp.h; path = ZenlangGenerator.hpp; sourceTree = "<group>"; };
		A47208B91509605100B85316 /* lexerGen.hpp */ = {isa = PBXFileReference; fileEncoding = 4; lastKnownFileType = sourcecode.cpp.h; path = lexerGen.hpp; sourceTree = "<group>"; };
		A47208BA1509605100B85316 /* parserGen.h */ = {isa = PBXFileReference; fileEncoding = 4; lastKnownFileType = sourcecode.c.h; path = parserGen.h; sourceTree = "<group>"; };
		A47208BB1509605100B85316 /* parserGen.hpp */ = {isa = PBXFileReference; fileEncoding = 4; lastKnownFileType = sourcecode.cpp.h; path = parserGen.hpp; sourceTree = "<group>"; };
		A47208D31509625A00B85316 /* args.hpp */ = {isa = PBXFileReference; fileEncoding = 4; lastKnownFileType = sourcecode.cpp.h; path = args.hpp; sourceTree = "<group>"; };
		A47208D41509625A00B85316 /* base64.cpp */ = {isa = PBXFileReference; fileEncoding = 4; lastKnownFileType = sourcecode.cpp.cpp; path = base64.cpp; sourceTree = "<group>"; };
		A47208D51509625A00B85316 /* base64.hpp */ = {isa = PBXFileReference; fileEncoding = 4; lastKnownFileType = sourcecode.cpp.h; path = base64.hpp; sourceTree = "<group>"; };
		A47208D61509625A00B85316 /* scanner.cpp */ = {isa = PBXFileReference; fileEncoding = 4; lastKnownFileType = sourcecode.cpp.cpp; path = scanner.cpp; sourceTree = "<group>"; };
		A47208D71509625A00B85316 /* scanner.hpp */ = {isa = PBXFileReference; fileEncoding = 4; lastKnownFileType = sourcecode.cpp.h; path = scanner.hpp; sourceTree = "<group>"; };
		A47208DA1509625A00B85316 /* sqlite3.c */ = {isa = PBXFileReference; fileEncoding = 4; lastKnownFileType = sourcecode.c.c; path = sqlite3.c; sourceTree = "<group>"; };
		A47208DB1509625A00B85316 /* sqlite3.h */ = {isa = PBXFileReference; fileEncoding = 4; lastKnownFileType = sourcecode.c.h; path = sqlite3.h; sourceTree = "<group>"; };
		A47208DC1509625A00B85316 /* sqlite3_unicode.c */ = {isa = PBXFileReference; fileEncoding = 4; lastKnownFileType = sourcecode.c.c; path = sqlite3_unicode.c; sourceTree = "<group>"; };
		A47208DD1509625A00B85316 /* sqlite3_unicode.h */ = {isa = PBXFileReference; fileEncoding = 4; lastKnownFileType = sourcecode.c.h; path = sqlite3_unicode.h; sourceTree = "<group>"; };
		A47208DE1509625A00B85316 /* sqlite3ext.h */ = {isa = PBXFileReference; fileEncoding = 4; lastKnownFileType = sourcecode.c.h; path = sqlite3ext.h; sourceTree = "<group>"; };
		A4822A3C1505668E001C0B6C /* main.cpp */ = {isa = PBXFileReference; fileEncoding = 4; lastKnownFileType = sourcecode.cpp.cpp; name = main.cpp; path = ../../../src/main.cpp; sourceTree = "<group>"; };
		A4C81EA61504700E0038D24E /* zenlang */ = {isa = PBXFileReference; explicitFileType = "compiled.mach-o.executable"; includeInIndex = 0; path = zenlang; sourceTree = BUILT_PRODUCTS_DIR; };
		A4C81EAC1504700E0038D24E /* zenlang.1 */ = {isa = PBXFileReference; lastKnownFileType = text.man; path = zenlang.1; sourceTree = "<group>"; };
/* End PBXFileReference section */

/* Begin PBXFrameworksBuildPhase section */
		A4C81EA31504700E0038D24E /* Frameworks */ = {
			isa = PBXFrameworksBuildPhase;
			buildActionMask = 2147483647;
			files = (
			);
			runOnlyForDeploymentPostprocessing = 0;
		};
/* End PBXFrameworksBuildPhase section */

/* Begin PBXGroup section */
		A43D7EF3150C9643004AA60C /* tools */ = {
			isa = PBXGroup;
			children = (
				A43D7EF4150C9673004AA60C /* lemon.osx */,
				A43D7EF5150C9673004AA60C /* lempar.c */,
				A43D7EF6150C9673004AA60C /* re2c.osx */,
			);
			name = tools;
			sourceTree = "<group>";
		};
		A45C10641507F0B0003EFCD5 /* base */ = {
			isa = PBXGroup;
			children = (
				A47208B91509605100B85316 /* lexerGen.hpp */,
				A47208BA1509605100B85316 /* parserGen.h */,
				A47208BB1509605100B85316 /* parserGen.hpp */,
				A472089415095EDC00B85316 /* CmakeGenerator.cpp */,
				A472089515095EDC00B85316 /* CmakeGenerator.hpp */,
				A472089615095EDC00B85316 /* generator.cpp */,
				A472089715095EDC00B85316 /* generator.hpp */,
				A472089815095EDC00B85316 /* Interpreter.cpp */,
				A472089915095EDC00B85316 /* Interpreter.hpp */,
				A472089A15095EDC00B85316 /* lexer.cpp */,
				A472089B15095EDC00B85316 /* lexer.hpp */,
				A472089C15095EDC00B85316 /* parser.cpp */,
				A472089D15095EDC00B85316 /* parser.hpp */,
				A472089E15095EDC00B85316 /* StlcppGenerator.cpp */,
				A472089F15095EDC00B85316 /* StlcppGenerator.hpp */,
				A47208A015095EDC00B85316 /* token.hpp */,
				A47208A115095EDC00B85316 /* ZenlangGenerator.cpp */,
				A47208A215095EDC00B85316 /* ZenlangGenerator.hpp */,
				A45C10D815095327003EFCD5 /* compiler.cpp */,
				A45C10D915095327003EFCD5 /* compiler.hpp */,
				A45C10651507F0B0003EFCD5 /* ast.cpp */,
				A45C10661507F0B0003EFCD5 /* ast.hpp */,
				A45C10671507F0B0003EFCD5 /* error.hpp */,
				A45C10681507F0B0003EFCD5 /* factory.cpp */,
				A45C10691507F0B0003EFCD5 /* factory.hpp */,
				A45C106A1507F0B0003EFCD5 /* pch.hpp */,
				A45C106B1507F0B0003EFCD5 /* typename.cpp */,
				A45C106C1507F0B0003EFCD5 /* typename.hpp */,
				A45C106D1507F0B0003EFCD5 /* unit.cpp */,
				A45C106E1507F0B0003EFCD5 /* unit.hpp */,
				A45C106F1507F0B0003EFCD5 /* zenlang.cpp */,
				A45C10701507F0B0003EFCD5 /* zenlang.hpp */,
			);
			name = base;
			path = ../../../lib/base;
			sourceTree = "<group>";
		};
		A45C108815080180003EFCD5 /* core */ = {
			isa = PBXGroup;
			children = (
				A45C107F15080175003EFCD5 /* DirImpl.cpp */,
				A45C108015080175003EFCD5 /* FileImpl.cpp */,
				A45C108115080175003EFCD5 /* StringImpl.cpp */,
				A45C108215080175003EFCD5 /* UrlImpl.cpp */,
				A45C107E15080175003EFCD5 /* DateTimeImpl.cpp */,
			);
			name = core;
			sourceTree = "<group>";
		};
		A45C10D215095000003EFCD5 /* src */ = {
			isa = PBXGroup;
			children = (
				A4822A3C1505668E001C0B6C /* main.cpp */,
			);
			name = src;
			sourceTree = "<group>";
		};
		A47208D21509625A00B85316 /* utils */ = {
			isa = PBXGroup;
			children = (
				A47208D31509625A00B85316 /* args.hpp */,
				A47208D41509625A00B85316 /* base64.cpp */,
				A47208D51509625A00B85316 /* base64.hpp */,
				A47208D61509625A00B85316 /* scanner.cpp */,
				A47208D71509625A00B85316 /* scanner.hpp */,
				A47208D81509625A00B85316 /* sqlite3 */,
			);
			name = utils;
			path = ../../../lib/utils;
			sourceTree = "<group>";
		};
		A47208D81509625A00B85316 /* sqlite3 */ = {
			isa = PBXGroup;
			children = (
				A47208DA1509625A00B85316 /* sqlite3.c */,
				A47208DB1509625A00B85316 /* sqlite3.h */,
				A47208DC1509625A00B85316 /* sqlite3_unicode.c */,
				A47208DD1509625A00B85316 /* sqlite3_unicode.h */,
				A47208DE1509625A00B85316 /* sqlite3ext.h */,
			);
			path = sqlite3;
			sourceTree = "<group>";
		};
		A4C81E9B1504700E0038D24E = {
			isa = PBXGroup;
			children = (
				A43D7EF3150C9643004AA60C /* tools */,
				A45C10641507F0B0003EFCD5 /* base */,
				A45C108815080180003EFCD5 /* core */,
				A47208D21509625A00B85316 /* utils */,
				A45C10D215095000003EFCD5 /* src */,
				A4C81EA91504700E0038D24E /* zenlang */,
				A4C81EA71504700E0038D24E /* Products */,
			);
			sourceTree = "<group>";
		};
		A4C81EA71504700E0038D24E /* Products */ = {
			isa = PBXGroup;
			children = (
				A4C81EA61504700E0038D24E /* zenlang */,
			);
			name = Products;
			sourceTree = "<group>";
		};
		A4C81EA91504700E0038D24E /* zenlang */ = {
			isa = PBXGroup;
			children = (
				A4C81EAC1504700E0038D24E /* zenlang.1 */,
			);
			path = zenlang;
			sourceTree = "<group>";
		};
/* End PBXGroup section */

/* Begin PBXNativeTarget section */
		A4C81EA51504700E0038D24E /* zenlang */ = {
			isa = PBXNativeTarget;
			buildConfigurationList = A4C81EB01504700E0038D24E /* Build configuration list for PBXNativeTarget "zenlang" */;
			buildPhases = (
				A45C1062150767F3003EFCD5 /* Run Parser */,
				A4822A1E15056286001C0B6C /* Build Lexer */,
				A4C81EA21504700E0038D24E /* Sources */,
				A4C81EA31504700E0038D24E /* Frameworks */,
				A4C81EA41504700E0038D24E /* CopyFiles */,
				A45C10631507F013003EFCD5 /* Copy base/ Files */,
				A45C105C15074ECF003EFCD5 /* Generate core/ Files */,
				A45C107D1508006B003EFCD5 /* Copy core/ Files */,
				A47208E41509628100B85316 /* Copy utils/ Files */,
				A47208EA150962BE00B85316 /* Copy utils/sqlite3 Files */,
				A43D7EF1150C9614004AA60C /* Copy tools/ Files */,
			);
			buildRules = (
			);
			dependencies = (
			);
			name = zenlang;
			productName = zenlang;
			productReference = A4C81EA61504700E0038D24E /* zenlang */;
			productType = "com.apple.product-type.tool";
		};
/* End PBXNativeTarget section */

/* Begin PBXProject section */
		A4C81E9D1504700E0038D24E /* Project object */ = {
			isa = PBXProject;
			attributes = {
				LastUpgradeCheck = 0430;
			};
			buildConfigurationList = A4C81EA01504700E0038D24E /* Build configuration list for PBXProject "zenlang" */;
			compatibilityVersion = "Xcode 3.2";
			developmentRegion = English;
			hasScannedForEncodings = 0;
			knownRegions = (
				en,
			);
			mainGroup = A4C81E9B1504700E0038D24E;
			productRefGroup = A4C81EA71504700E0038D24E /* Products */;
			projectDirPath = "";
			projectRoot = "";
			targets = (
				A4C81EA51504700E0038D24E /* zenlang */,
			);
		};
/* End PBXProject section */

/* Begin PBXShellScriptBuildPhase section */
		A45C105C15074ECF003EFCD5 /* Generate core/ Files */ = {
			isa = PBXShellScriptBuildPhase;
			buildActionMask = 2147483647;
			files = (
			);
			inputPaths = (
			);
			name = "Generate core/ Files";
			outputPaths = (
			);
			runOnlyForDeploymentPostprocessing = 0;
			shellPath = /bin/sh;
			shellScript = "${BUILT_PRODUCTS_DIR}/${EXECUTABLE_PATH} -v -c -ad ${BUILT_PRODUCTS_DIR}/lib/core -sd ${BUILT_PRODUCTS_DIR}/lib/core ${PROJECT_DIR}/../../../lib/core/DateTime.zpp ${PROJECT_DIR}/../../../lib/core/Dir.zpp ${PROJECT_DIR}/../../../lib/core/File.zpp ${PROJECT_DIR}/../../../lib/core/String.zpp ${PROJECT_DIR}/../../../lib/core/String.zpp ${PROJECT_DIR}/../../../lib/core/Url.zpp ${PROJECT_DIR}/../../../lib/core/core.ipp";
		};
		A45C1062150767F3003EFCD5 /* Run Parser */ = {
			isa = PBXShellScriptBuildPhase;
			buildActionMask = 2147483647;
			files = (
			);
			inputPaths = (
				"${PROJECT_DIR}/../../../lib/base/parserGen.y",
			);
			name = "Run Parser";
			outputPaths = (
				"${PROJECT_DIR}/../../../lib/base/parserGen.hpp",
			);
			runOnlyForDeploymentPostprocessing = 0;
			shellPath = /bin/sh;
			shellScript = "${PROJECT_DIR}/../../../tools/lemon.osx o=.hpp -q ${PROJECT_DIR}/../../../lib/base/parserGen.y";
		};
		A4822A1E15056286001C0B6C /* Build Lexer */ = {
			isa = PBXShellScriptBuildPhase;
			buildActionMask = 2147483647;
			files = (
			);
			inputPaths = (
				"${PROJECT_DIR}/../../../lib/base/lexerGen.re",
			);
			name = "Build Lexer";
			outputPaths = (
				"${PROJECT_DIR}/../../../lib/base/lexerGen.hpp",
			);
			runOnlyForDeploymentPostprocessing = 0;
			shellPath = /bin/sh;
			shellScript = "${PROJECT_DIR}/../../../tools/re2c.osx -f -u -c -o ${PROJECT_DIR}/../../../lib/base/lexerGen.hpp ${PROJECT_DIR}/../../../lib/base/lexerGen.re";
		};
/* End PBXShellScriptBuildPhase section */

/* Begin PBXSourcesBuildPhase section */
		A4C81EA21504700E0038D24E /* Sources */ = {
			isa = PBXSourcesBuildPhase;
			buildActionMask = 2147483647;
			files = (
				A45C10D315095036003EFCD5 /* ast.cpp in Sources */,
				A45C10D415095036003EFCD5 /* factory.cpp in Sources */,
				A45C10D515095036003EFCD5 /* typename.cpp in Sources */,
				A45C10D615095036003EFCD5 /* unit.cpp in Sources */,
				A45C10D715095036003EFCD5 /* zenlang.cpp in Sources */,
				A4822A4C1505668E001C0B6C /* main.cpp in Sources */,
				A45C10DA15095327003EFCD5 /* compiler.cpp in Sources */,
				A47208A315095EDC00B85316 /* CmakeGenerator.cpp in Sources */,
				A47208A415095EDC00B85316 /* generator.cpp in Sources */,
				A47208A515095EDC00B85316 /* Interpreter.cpp in Sources */,
				A47208A615095EDC00B85316 /* lexer.cpp in Sources */,
				A47208A715095EDC00B85316 /* parser.cpp in Sources */,
				A47208A815095EDC00B85316 /* StlcppGenerator.cpp in Sources */,
				A47208A915095EDC00B85316 /* ZenlangGenerator.cpp in Sources */,
				A47208DF1509625A00B85316 /* base64.cpp in Sources */,
				A47208E01509625A00B85316 /* scanner.cpp in Sources */,
				A47208E21509625A00B85316 /* sqlite3.c in Sources */,
				A47208E31509625A00B85316 /* sqlite3_unicode.c in Sources */,
			);
			runOnlyForDeploymentPostprocessing = 0;
		};
/* End PBXSourcesBuildPhase section */

/* Begin XCBuildConfiguration section */
		A4C81EAE1504700E0038D24E /* Debug */ = {
			isa = XCBuildConfiguration;
			buildSettings = {
				ALWAYS_SEARCH_USER_PATHS = NO;
				ARCHS = "$(ARCHS_STANDARD_64_BIT)";
				COPY_PHASE_STRIP = NO;
				GCC_C_LANGUAGE_STANDARD = gnu99;
				GCC_DYNAMIC_NO_PIC = NO;
				GCC_ENABLE_OBJC_EXCEPTIONS = YES;
				GCC_OPTIMIZATION_LEVEL = 0;
				GCC_PREPROCESSOR_DEFINITIONS = (
					"DEBUG=1",
					"$(inherited)",
				);
				GCC_SYMBOLS_PRIVATE_EXTERN = NO;
				GCC_VERSION = com.apple.compilers.llvm.clang.1_0;
				GCC_WARN_64_TO_32_BIT_CONVERSION = YES;
				GCC_WARN_ABOUT_RETURN_TYPE = YES;
				GCC_WARN_UNINITIALIZED_AUTOS = YES;
				GCC_WARN_UNUSED_VARIABLE = YES;
				HEADER_SEARCH_PATHS = ../../../lib;
				MACOSX_DEPLOYMENT_TARGET = 10.7;
				ONLY_ACTIVE_ARCH = YES;
				SDKROOT = macosx;
			};
			name = Debug;
		};
		A4C81EAF1504700E0038D24E /* Release */ = {
			isa = XCBuildConfiguration;
			buildSettings = {
				ALWAYS_SEARCH_USER_PATHS = NO;
				ARCHS = "$(ARCHS_STANDARD_64_BIT)";
				COPY_PHASE_STRIP = YES;
				DEBUG_INFORMATION_FORMAT = "dwarf-with-dsym";
				GCC_C_LANGUAGE_STANDARD = gnu99;
				GCC_ENABLE_OBJC_EXCEPTIONS = YES;
				GCC_VERSION = com.apple.compilers.llvm.clang.1_0;
				GCC_WARN_64_TO_32_BIT_CONVERSION = YES;
				GCC_WARN_ABOUT_RETURN_TYPE = YES;
				GCC_WARN_UNINITIALIZED_AUTOS = YES;
				GCC_WARN_UNUSED_VARIABLE = YES;
				HEADER_SEARCH_PATHS = ../../../lib;
				MACOSX_DEPLOYMENT_TARGET = 10.7;
				SDKROOT = macosx;
			};
			name = Release;
		};
		A4C81EB11504700E0038D24E /* Debug */ = {
			isa = XCBuildConfiguration;
			buildSettings = {
				PRODUCT_NAME = "$(TARGET_NAME)";
			};
			name = Debug;
		};
		A4C81EB21504700E0038D24E /* Release */ = {
			isa = XCBuildConfiguration;
			buildSettings = {
				PRODUCT_NAME = "$(TARGET_NAME)";
			};
			name = Release;
		};
/* End XCBuildConfiguration section */

/* Begin XCConfigurationList section */
		A4C81EA01504700E0038D24E /* Build configuration list for PBXProject "zenlang" */ = {
			isa = XCConfigurationList;
			buildConfigurations = (
				A4C81EAE1504700E0038D24E /* Debug */,
				A4C81EAF1504700E0038D24E /* Release */,
			);
			defaultConfigurationIsVisible = 0;
			defaultConfigurationName = Release;
		};
		A4C81EB01504700E0038D24E /* Build configuration list for PBXNativeTarget "zenlang" */ = {
			isa = XCConfigurationList;
			buildConfigurations = (
				A4C81EB11504700E0038D24E /* Debug */,
				A4C81EB21504700E0038D24E /* Release */,
			);
			defaultConfigurationIsVisible = 0;
			defaultConfigurationName = Release;
		};
/* End XCConfigurationList section */
	};
	rootObject = A4C81E9D1504700E0038D24E /* Project object */;
}
